
Microsoft Visual Studio Solution File, Format Version 12.00
Project("{F2A71F9B-5D33-465A-A702-920D77279786}") = "fmatrix", "fmatrix.fsproj", "{EB3D066A-282F-49D2-8F78-9236BBEAF000}"
EndProject
Global
	GlobalSection(SolutionConfigurationPlatforms) = preSolution
		Debug|Any CPU = Debug|Any CPU
		Release|Any CPU = Release|Any CPU
	EndGlobalSection
	GlobalSection(ProjectConfigurationPlatforms) = postSolution
		{EB3D066A-282F-49D2-8F78-9236BBEAF000}.Debug|Any CPU.ActiveCfg = Debug|Any CPU
		{EB3D066A-282F-49D2-8F78-9236BBEAF000}.Debug|Any CPU.Build.0 = Debug|Any CPU
		{EB3D066A-282F-49D2-8F78-9236BBEAF000}.Release|Any CPU.ActiveCfg = Release|Any CPU
		{EB3D066A-282F-49D2-8F78-9236BBEAF000}.Release|Any CPU.Build.0 = Release|Any CPU
	EndGlobalSection
EndGlobal
